
Microsoft Visual Studio Solution File, Format Version 12.00
# Visual Studio Version 16
VisualStudioVersion = 16.0.30907.101
MinimumVisualStudioVersion = 10.0.40219.1
Project("{FAE04EC0-301F-11D3-BF4B-00C04F79EFBC}") = "ACME_Accounting", "ACME_Accounting\ACME_Accounting.csproj", "{D9BA41EB-51D9-46EA-BDFB-EBAC540187BD}"
EndProject
Global
	GlobalSection(SolutionConfigurationPlatforms) = preSolution
		Debug|Any CPU = Debug|Any CPU
		Release|Any CPU = Release|Any CPU
	EndGlobalSection
	GlobalSection(ProjectConfigurationPlatforms) = postSolution
		{D9BA41EB-51D9-46EA-BDFB-EBAC540187BD}.Debug|Any CPU.ActiveCfg = Debug|Any CPU
		{D9BA41EB-51D9-46EA-BDFB-EBAC540187BD}.Debug|Any CPU.Build.0 = Debug|Any CPU
		{D9BA41EB-51D9-46EA-BDFB-EBAC540187BD}.Release|Any CPU.ActiveCfg = Release|Any CPU
		{D9BA41EB-51D9-46EA-BDFB-EBAC540187BD}.Release|Any CPU.Build.0 = Release|Any CPU
	EndGlobalSection
	GlobalSection(SolutionProperties) = preSolution
		HideSolutionNode = FALSE
	EndGlobalSection
	GlobalSection(ExtensibilityGlobals) = postSolution
		SolutionGuid = {B42B8B16-D54D-46D6-B5A6-CCB809DFF481}
	EndGlobalSection
EndGlobal
