
Microsoft Visual Studio Solution File, Format Version 12.00
# Visual Studio Version 16
VisualStudioVersion = 16.0.30907.101
MinimumVisualStudioVersion = 10.0.40219.1
Project("{FAE04EC0-301F-11D3-BF4B-00C04F79EFBC}") = "ConsoleAppArray", "ConsoleAppArray\ConsoleAppArray.csproj", "{75FF671C-74B6-4D1B-817F-9BCA72A6169D}"
EndProject
Global
	GlobalSection(SolutionConfigurationPlatforms) = preSolution
		Debug|Any CPU = Debug|Any CPU
		Release|Any CPU = Release|Any CPU
	EndGlobalSection
	GlobalSection(ProjectConfigurationPlatforms) = postSolution
		{75FF671C-74B6-4D1B-817F-9BCA72A6169D}.Debug|Any CPU.ActiveCfg = Debug|Any CPU
		{75FF671C-74B6-4D1B-817F-9BCA72A6169D}.Debug|Any CPU.Build.0 = Debug|Any CPU
		{75FF671C-74B6-4D1B-817F-9BCA72A6169D}.Release|Any CPU.ActiveCfg = Release|Any CPU
		{75FF671C-74B6-4D1B-817F-9BCA72A6169D}.Release|Any CPU.Build.0 = Release|Any CPU
	EndGlobalSection
	GlobalSection(SolutionProperties) = preSolution
		HideSolutionNode = FALSE
	EndGlobalSection
	GlobalSection(ExtensibilityGlobals) = postSolution
		SolutionGuid = {CD3ABA20-89AC-498A-ADED-F801F80BE733}
	EndGlobalSection
EndGlobal
