
Microsoft Visual Studio Solution File, Format Version 12.00
# Visual Studio Version 16
VisualStudioVersion = 16.0.30907.101
MinimumVisualStudioVersion = 10.0.40219.1
Project("{FAE04EC0-301F-11D3-BF4B-00C04F79EFBC}") = "Console_strings_integers_1", "Console_strings_integers_1\Console_strings_integers_1.csproj", "{16440672-EDE5-4480-91AE-F2970144B146}"
EndProject
Global
	GlobalSection(SolutionConfigurationPlatforms) = preSolution
		Debug|Any CPU = Debug|Any CPU
		Release|Any CPU = Release|Any CPU
	EndGlobalSection
	GlobalSection(ProjectConfigurationPlatforms) = postSolution
		{16440672-EDE5-4480-91AE-F2970144B146}.Debug|Any CPU.ActiveCfg = Debug|Any CPU
		{16440672-EDE5-4480-91AE-F2970144B146}.Debug|Any CPU.Build.0 = Debug|Any CPU
		{16440672-EDE5-4480-91AE-F2970144B146}.Release|Any CPU.ActiveCfg = Release|Any CPU
		{16440672-EDE5-4480-91AE-F2970144B146}.Release|Any CPU.Build.0 = Release|Any CPU
	EndGlobalSection
	GlobalSection(SolutionProperties) = preSolution
		HideSolutionNode = FALSE
	EndGlobalSection
	GlobalSection(ExtensibilityGlobals) = postSolution
		SolutionGuid = {EB3DC9E0-73E9-4547-891A-D71625DA6601}
	EndGlobalSection
EndGlobal
