
Microsoft Visual Studio Solution File, Format Version 12.00
# Visual Studio Version 16
VisualStudioVersion = 16.0.30907.101
MinimumVisualStudioVersion = 10.0.40219.1
Project("{FAE04EC0-301F-11D3-BF4B-00C04F79EFBC}") = "shipping_quote", "shipping_quote\shipping_quote.csproj", "{FD2F1ECB-42FD-47C5-A4AD-1B6C3C757E2B}"
EndProject
Global
	GlobalSection(SolutionConfigurationPlatforms) = preSolution
		Debug|Any CPU = Debug|Any CPU
		Release|Any CPU = Release|Any CPU
	EndGlobalSection
	GlobalSection(ProjectConfigurationPlatforms) = postSolution
		{FD2F1ECB-42FD-47C5-A4AD-1B6C3C757E2B}.Debug|Any CPU.ActiveCfg = Debug|Any CPU
		{FD2F1ECB-42FD-47C5-A4AD-1B6C3C757E2B}.Debug|Any CPU.Build.0 = Debug|Any CPU
		{FD2F1ECB-42FD-47C5-A4AD-1B6C3C757E2B}.Release|Any CPU.ActiveCfg = Release|Any CPU
		{FD2F1ECB-42FD-47C5-A4AD-1B6C3C757E2B}.Release|Any CPU.Build.0 = Release|Any CPU
	EndGlobalSection
	GlobalSection(SolutionProperties) = preSolution
		HideSolutionNode = FALSE
	EndGlobalSection
	GlobalSection(ExtensibilityGlobals) = postSolution
		SolutionGuid = {FC37A58D-C2B4-4C1D-BD82-98FD3ECE94BA}
	EndGlobalSection
EndGlobal
