
Microsoft Visual Studio Solution File, Format Version 12.00
# Visual Studio Version 16
VisualStudioVersion = 16.0.30907.101
MinimumVisualStudioVersion = 10.0.40219.1
Project("{FAE04EC0-301F-11D3-BF4B-00C04F79EFBC}") = "MethodsSubmission2", "MethodsSubmission2\MethodsSubmission2.csproj", "{A85AC9EB-D1BF-4572-9226-249D850FEF1C}"
EndProject
Global
	GlobalSection(SolutionConfigurationPlatforms) = preSolution
		Debug|Any CPU = Debug|Any CPU
		Release|Any CPU = Release|Any CPU
	EndGlobalSection
	GlobalSection(ProjectConfigurationPlatforms) = postSolution
		{A85AC9EB-D1BF-4572-9226-249D850FEF1C}.Debug|Any CPU.ActiveCfg = Debug|Any CPU
		{A85AC9EB-D1BF-4572-9226-249D850FEF1C}.Debug|Any CPU.Build.0 = Debug|Any CPU
		{A85AC9EB-D1BF-4572-9226-249D850FEF1C}.Release|Any CPU.ActiveCfg = Release|Any CPU
		{A85AC9EB-D1BF-4572-9226-249D850FEF1C}.Release|Any CPU.Build.0 = Release|Any CPU
	EndGlobalSection
	GlobalSection(SolutionProperties) = preSolution
		HideSolutionNode = FALSE
	EndGlobalSection
	GlobalSection(ExtensibilityGlobals) = postSolution
		SolutionGuid = {AB202040-FC82-49E6-B8D8-647E1194F3EA}
	EndGlobalSection
EndGlobal
