
Microsoft Visual Studio Solution File, Format Version 12.00
# Visual Studio Version 16
VisualStudioVersion = 16.0.30907.101
MinimumVisualStudioVersion = 10.0.40219.1
Project("{FAE04EC0-301F-11D3-BF4B-00C04F79EFBC}") = "Anonymous_Income_Comparison", "Anonymous_Income_Comparison\Anonymous_Income_Comparison.csproj", "{B5F00AAF-AD73-4D39-9B49-D7212CBB9DE6}"
EndProject
Global
	GlobalSection(SolutionConfigurationPlatforms) = preSolution
		Debug|Any CPU = Debug|Any CPU
		Release|Any CPU = Release|Any CPU
	EndGlobalSection
	GlobalSection(ProjectConfigurationPlatforms) = postSolution
		{B5F00AAF-AD73-4D39-9B49-D7212CBB9DE6}.Debug|Any CPU.ActiveCfg = Debug|Any CPU
		{B5F00AAF-AD73-4D39-9B49-D7212CBB9DE6}.Debug|Any CPU.Build.0 = Debug|Any CPU
		{B5F00AAF-AD73-4D39-9B49-D7212CBB9DE6}.Release|Any CPU.ActiveCfg = Release|Any CPU
		{B5F00AAF-AD73-4D39-9B49-D7212CBB9DE6}.Release|Any CPU.Build.0 = Release|Any CPU
	EndGlobalSection
	GlobalSection(SolutionProperties) = preSolution
		HideSolutionNode = FALSE
	EndGlobalSection
	GlobalSection(ExtensibilityGlobals) = postSolution
		SolutionGuid = {B65FB163-9DB4-4A20-9830-AD2B50F11A4D}
	EndGlobalSection
EndGlobal
